
Microsoft Visual Studio Solution File, Format Version 12.00
# Visual Studio Version 17
VisualStudioVersion = 17.8.34316.72
MinimumVisualStudioVersion = 10.0.40219.1
Project("{FAE04EC0-301F-11D3-BF4B-00C04F79EFBC}") = "HouseRentingSystem", "HouseRentingSystem\HouseRentingSystem.csproj", "{BC33D40F-EF9C-4C0D-8FA1-2CD90437BCEE}"
EndProject
Global
	GlobalSection(SolutionConfigurationPlatforms) = preSolution
		Debug|Any CPU = Debug|Any CPU
		Release|Any CPU = Release|Any CPU
	EndGlobalSection
	GlobalSection(ProjectConfigurationPlatforms) = postSolution
		{BC33D40F-EF9C-4C0D-8FA1-2CD90437BCEE}.Debug|Any CPU.ActiveCfg = Debug|Any CPU
		{BC33D40F-EF9C-4C0D-8FA1-2CD90437BCEE}.Debug|Any CPU.Build.0 = Debug|Any CPU
		{BC33D40F-EF9C-4C0D-8FA1-2CD90437BCEE}.Release|Any CPU.ActiveCfg = Release|Any CPU
		{BC33D40F-EF9C-4C0D-8FA1-2CD90437BCEE}.Release|Any CPU.Build.0 = Release|Any CPU
	EndGlobalSection
	GlobalSection(SolutionProperties) = preSolution
		HideSolutionNode = FALSE
	EndGlobalSection
	GlobalSection(ExtensibilityGlobals) = postSolution
		SolutionGuid = {AE89C11F-78A8-4CFB-96B9-89EF6F80FA2A}
	EndGlobalSection
EndGlobal
