
Microsoft Visual Studio Solution File, Format Version 12.00
# Visual Studio Version 17
VisualStudioVersion = 17.3.32929.385
MinimumVisualStudioVersion = 10.0.40219.1
Project("{FAE04EC0-301F-11D3-BF4B-00C04F79EFBC}") = "Entity Framework Core Exercises", "Entity Framework Core Exercises.csproj", "{1A54847E-482F-4119-92D4-3B55F37FC78D}"
EndProject
Global
	GlobalSection(SolutionConfigurationPlatforms) = preSolution
		Debug|Any CPU = Debug|Any CPU
		Release|Any CPU = Release|Any CPU
	EndGlobalSection
	GlobalSection(ProjectConfigurationPlatforms) = postSolution
		{1A54847E-482F-4119-92D4-3B55F37FC78D}.Debug|Any CPU.ActiveCfg = Debug|Any CPU
		{1A54847E-482F-4119-92D4-3B55F37FC78D}.Debug|Any CPU.Build.0 = Debug|Any CPU
		{1A54847E-482F-4119-92D4-3B55F37FC78D}.Release|Any CPU.ActiveCfg = Release|Any CPU
		{1A54847E-482F-4119-92D4-3B55F37FC78D}.Release|Any CPU.Build.0 = Release|Any CPU
	EndGlobalSection
	GlobalSection(SolutionProperties) = preSolution
		HideSolutionNode = FALSE
	EndGlobalSection
	GlobalSection(ExtensibilityGlobals) = postSolution
		SolutionGuid = {6D1C902D-65F7-4388-9008-17D483B4BAD4}
	EndGlobalSection
EndGlobal
