
Microsoft Visual Studio Solution File, Format Version 12.00
# Visual Studio Version 17
VisualStudioVersion = 17.8.34316.72
MinimumVisualStudioVersion = 10.0.40219.1
Project("{FAE04EC0-301F-11D3-BF4B-00C04F79EFBC}") = "MVCInroDemo", "MVCInroDemo\MVCInroDemo.csproj", "{A3F8FA4E-97F8-4CD4-A140-45E574C23EEE}"
EndProject
Global
	GlobalSection(SolutionConfigurationPlatforms) = preSolution
		Debug|Any CPU = Debug|Any CPU
		Release|Any CPU = Release|Any CPU
	EndGlobalSection
	GlobalSection(ProjectConfigurationPlatforms) = postSolution
		{A3F8FA4E-97F8-4CD4-A140-45E574C23EEE}.Debug|Any CPU.ActiveCfg = Debug|Any CPU
		{A3F8FA4E-97F8-4CD4-A140-45E574C23EEE}.Debug|Any CPU.Build.0 = Debug|Any CPU
		{A3F8FA4E-97F8-4CD4-A140-45E574C23EEE}.Release|Any CPU.ActiveCfg = Release|Any CPU
		{A3F8FA4E-97F8-4CD4-A140-45E574C23EEE}.Release|Any CPU.Build.0 = Release|Any CPU
	EndGlobalSection
	GlobalSection(SolutionProperties) = preSolution
		HideSolutionNode = FALSE
	EndGlobalSection
	GlobalSection(ExtensibilityGlobals) = postSolution
		SolutionGuid = {91725E07-9721-45F9-A0D7-156EEB1AC65F}
	EndGlobalSection
EndGlobal
