
Microsoft Visual Studio Solution File, Format Version 12.00
# Visual Studio Version 17
VisualStudioVersion = 17.8.34316.72
MinimumVisualStudioVersion = 10.0.40219.1
Project("{FAE04EC0-301F-11D3-BF4B-00C04F79EFBC}") = "AspNetCoreAdvancedDemo", "AspNetCoreAdvancedDemo\AspNetCoreAdvancedDemo.csproj", "{F06FC28B-35EA-4BD7-A750-1B8BAAE1E76C}"
EndProject
Global
	GlobalSection(SolutionConfigurationPlatforms) = preSolution
		Debug|Any CPU = Debug|Any CPU
		Release|Any CPU = Release|Any CPU
	EndGlobalSection
	GlobalSection(ProjectConfigurationPlatforms) = postSolution
		{F06FC28B-35EA-4BD7-A750-1B8BAAE1E76C}.Debug|Any CPU.ActiveCfg = Debug|Any CPU
		{F06FC28B-35EA-4BD7-A750-1B8BAAE1E76C}.Debug|Any CPU.Build.0 = Debug|Any CPU
		{F06FC28B-35EA-4BD7-A750-1B8BAAE1E76C}.Release|Any CPU.ActiveCfg = Release|Any CPU
		{F06FC28B-35EA-4BD7-A750-1B8BAAE1E76C}.Release|Any CPU.Build.0 = Release|Any CPU
	EndGlobalSection
	GlobalSection(SolutionProperties) = preSolution
		HideSolutionNode = FALSE
	EndGlobalSection
	GlobalSection(ExtensibilityGlobals) = postSolution
		SolutionGuid = {2EAF55B7-C32E-40A3-9259-AC3291735469}
	EndGlobalSection
EndGlobal
