
Microsoft Visual Studio Solution File, Format Version 12.00
# Visual Studio Version 17
VisualStudioVersion = 17.8.34316.72
MinimumVisualStudioVersion = 10.0.40219.1
Project("{FAE04EC0-301F-11D3-BF4B-00C04F79EFBC}") = "Forum App", "Forum App\Forum App.csproj", "{E150E601-3D10-4B9B-B6D0-2B3A52FFFCA0}"
EndProject
Global
	GlobalSection(SolutionConfigurationPlatforms) = preSolution
		Debug|Any CPU = Debug|Any CPU
		Release|Any CPU = Release|Any CPU
	EndGlobalSection
	GlobalSection(ProjectConfigurationPlatforms) = postSolution
		{E150E601-3D10-4B9B-B6D0-2B3A52FFFCA0}.Debug|Any CPU.ActiveCfg = Debug|Any CPU
		{E150E601-3D10-4B9B-B6D0-2B3A52FFFCA0}.Debug|Any CPU.Build.0 = Debug|Any CPU
		{E150E601-3D10-4B9B-B6D0-2B3A52FFFCA0}.Release|Any CPU.ActiveCfg = Release|Any CPU
		{E150E601-3D10-4B9B-B6D0-2B3A52FFFCA0}.Release|Any CPU.Build.0 = Release|Any CPU
	EndGlobalSection
	GlobalSection(SolutionProperties) = preSolution
		HideSolutionNode = FALSE
	EndGlobalSection
	GlobalSection(ExtensibilityGlobals) = postSolution
		SolutionGuid = {DB999ED7-2E58-4500-9D0C-99A253D93A2A}
	EndGlobalSection
EndGlobal
