
Microsoft Visual Studio Solution File, Format Version 12.00
# Visual Studio Version 17
VisualStudioVersion = 17.8.34316.72
MinimumVisualStudioVersion = 10.0.40219.1
Project("{FAE04EC0-301F-11D3-BF4B-00C04F79EFBC}") = "Blog", "Blog\Blog.csproj", "{C9E4CB10-6CA3-4656-A84F-B3585160C51A}"
EndProject
Project("{FAE04EC0-301F-11D3-BF4B-00C04F79EFBC}") = "Blog.Models", "Blog.Models\Blog.Models.csproj", "{D893F2E5-65B8-4781-8180-EE075D418390}"
EndProject
Project("{FAE04EC0-301F-11D3-BF4B-00C04F79EFBC}") = "Blog.Services", "Blog.Services\Blog.Services.csproj", "{7B75F133-2294-415D-866F-7C85D34C3AD6}"
EndProject
Project("{FAE04EC0-301F-11D3-BF4B-00C04F79EFBC}") = "Blog.Common", "Blog.Common\Blog.Common.csproj", "{3B29D9BC-077A-4AB3-9C68-F4B14E776337}"
EndProject
Project("{FAE04EC0-301F-11D3-BF4B-00C04F79EFBC}") = "Blog.Data", "Blog.Data\Blog.Data.csproj", "{349C808A-6310-450C-9505-3C1493F3F249}"
EndProject
Global
	GlobalSection(SolutionConfigurationPlatforms) = preSolution
		Debug|Any CPU = Debug|Any CPU
		Release|Any CPU = Release|Any CPU
	EndGlobalSection
	GlobalSection(ProjectConfigurationPlatforms) = postSolution
		{C9E4CB10-6CA3-4656-A84F-B3585160C51A}.Debug|Any CPU.ActiveCfg = Debug|Any CPU
		{C9E4CB10-6CA3-4656-A84F-B3585160C51A}.Debug|Any CPU.Build.0 = Debug|Any CPU
		{C9E4CB10-6CA3-4656-A84F-B3585160C51A}.Release|Any CPU.ActiveCfg = Release|Any CPU
		{C9E4CB10-6CA3-4656-A84F-B3585160C51A}.Release|Any CPU.Build.0 = Release|Any CPU
		{D893F2E5-65B8-4781-8180-EE075D418390}.Debug|Any CPU.ActiveCfg = Debug|Any CPU
		{D893F2E5-65B8-4781-8180-EE075D418390}.Debug|Any CPU.Build.0 = Debug|Any CPU
		{D893F2E5-65B8-4781-8180-EE075D418390}.Release|Any CPU.ActiveCfg = Release|Any CPU
		{D893F2E5-65B8-4781-8180-EE075D418390}.Release|Any CPU.Build.0 = Release|Any CPU
		{7B75F133-2294-415D-866F-7C85D34C3AD6}.Debug|Any CPU.ActiveCfg = Debug|Any CPU
		{7B75F133-2294-415D-866F-7C85D34C3AD6}.Debug|Any CPU.Build.0 = Debug|Any CPU
		{7B75F133-2294-415D-866F-7C85D34C3AD6}.Release|Any CPU.ActiveCfg = Release|Any CPU
		{7B75F133-2294-415D-866F-7C85D34C3AD6}.Release|Any CPU.Build.0 = Release|Any CPU
		{3B29D9BC-077A-4AB3-9C68-F4B14E776337}.Debug|Any CPU.ActiveCfg = Debug|Any CPU
		{3B29D9BC-077A-4AB3-9C68-F4B14E776337}.Debug|Any CPU.Build.0 = Debug|Any CPU
		{3B29D9BC-077A-4AB3-9C68-F4B14E776337}.Release|Any CPU.ActiveCfg = Release|Any CPU
		{3B29D9BC-077A-4AB3-9C68-F4B14E776337}.Release|Any CPU.Build.0 = Release|Any CPU
		{349C808A-6310-450C-9505-3C1493F3F249}.Debug|Any CPU.ActiveCfg = Debug|Any CPU
		{349C808A-6310-450C-9505-3C1493F3F249}.Debug|Any CPU.Build.0 = Debug|Any CPU
		{349C808A-6310-450C-9505-3C1493F3F249}.Release|Any CPU.ActiveCfg = Release|Any CPU
		{349C808A-6310-450C-9505-3C1493F3F249}.Release|Any CPU.Build.0 = Release|Any CPU
	EndGlobalSection
	GlobalSection(SolutionProperties) = preSolution
		HideSolutionNode = FALSE
	EndGlobalSection
	GlobalSection(ExtensibilityGlobals) = postSolution
		SolutionGuid = {8D54BCBA-38F3-426D-84E5-CBBA874976C8}
	EndGlobalSection
EndGlobal
